// !$*UTF8*$!
{
	archiveVersion = 1;
	classes = {
	};
	objectVersion = 46;
	objects = {

/* Begin PBXBuildFile section */
		AB1E2FBC1F269CA000ABC422 /* CollectionViewCell.swift in Sources */ = {isa = PBXBuildFile; fileRef = AB1E2FBB1F269CA000ABC422 /* CollectionViewCell.swift */; };
		AB1E2FBE1F28FBF700ABC422 /* TableViewCell.swift in Sources */ = {isa = PBXBuildFile; fileRef = AB1E2FBD1F28FBF700ABC422 /* TableViewCell.swift */; };
		ABC481A41F04250E00F02EB1 /* AppDelegate.swift in Sources */ = {isa = PBXBuildFile; fileRef = ABC481A31F04250E00F02EB1 /* AppDelegate.swift */; };
		ABC481A61F04250E00F02EB1 /* MemeEditorViewController.swift in Sources */ = {isa = PBXBuildFile; fileRef = ABC481A51F04250E00F02EB1 /* MemeEditorViewController.swift */; };
		ABC481A91F04250E00F02EB1 /* Main.storyboard in Resources */ = {isa = PBXBuildFile; fileRef = ABC481A71F04250E00F02EB1 /* Main.storyboard */; };
		ABC481AB1F04250E00F02EB1 /* Assets.xcassets in Resources */ = {isa = PBXBuildFile; fileRef = ABC481AA1F04250E00F02EB1 /* Assets.xcassets */; };
		ABC481AE1F04250E00F02EB1 /* LaunchScreen.storyboard in Resources */ = {isa = PBXBuildFile; fileRef = ABC481AC1F04250E00F02EB1 /* LaunchScreen.storyboard */; };
		ABC481B91F04250F00F02EB1 /* Meme_1_01Tests.swift in Sources */ = {isa = PBXBuildFile; fileRef = ABC481B81F04250F00F02EB1 /* Meme_1_01Tests.swift */; };
		ABC481C41F04250F00F02EB1 /* Meme_1_01UITests.swift in Sources */ = {isa = PBXBuildFile; fileRef = ABC481C31F04250F00F02EB1 /* Meme_1_01UITests.swift */; };
		ABC483791F1FE61D00F02EB1 /* SentMemesTableViewController.swift in Sources */ = {isa = PBXBuildFile; fileRef = ABC483781F1FE61D00F02EB1 /* SentMemesTableViewController.swift */; };
		ABC4837B1F1FE64000F02EB1 /* SentMemesCollectionViewController.swift in Sources */ = {isa = PBXBuildFile; fileRef = ABC4837A1F1FE64000F02EB1 /* SentMemesCollectionViewController.swift */; };
		ABC4837D1F1FE7AF00F02EB1 /* Meme.swift in Sources */ = {isa = PBXBuildFile; fileRef = ABC4837C1F1FE7AF00F02EB1 /* Meme.swift */; };
		ABC483F31F211FEA00F02EB1 /* DetailViewController.swift in Sources */ = {isa = PBXBuildFile; fileRef = ABC483F21F211FEA00F02EB1 /* DetailViewController.swift */; };
		ABC484311F25017800F02EB1 /* MemeCell.swift in Sources */ = {isa = PBXBuildFile; fileRef = ABC484301F25017800F02EB1 /* MemeCell.swift */; };
/* End PBXBuildFile section */

/* Begin PBXContainerItemProxy section */
		ABC481B51F04250F00F02EB1 /* PBXContainerItemProxy */ = {
			isa = PBXContainerItemProxy;
			containerPortal = ABC481981F04250E00F02EB1 /* Project object */;
			proxyType = 1;
			remoteGlobalIDString = ABC4819F1F04250E00F02EB1;
			remoteInfo = "Meme 1.01";
		};
		ABC481C01F04250F00F02EB1 /* PBXContainerItemProxy */ = {
			isa = PBXContainerItemProxy;
			containerPortal = ABC481981F04250E00F02EB1 /* Project object */;
			proxyType = 1;
			remoteGlobalIDString = ABC4819F1F04250E00F02EB1;
			remoteInfo = "Meme 1.01";
		};
/* End PBXContainerItemProxy section */

/* Begin PBXFileReference section */
		AB1E2FBB1F269CA000ABC422 /* CollectionViewCell.swift */ = {isa = PBXFileReference; fileEncoding = 4; lastKnownFileType = sourcecode.swift; name = CollectionViewCell.swift; path = ../CollectionViewCell.swift; sourceTree = "<group>"; };
		AB1E2FBD1F28FBF700ABC422 /* TableViewCell.swift */ = {isa = PBXFileReference; fileEncoding = 4; lastKnownFileType = sourcecode.swift; name = TableViewCell.swift; path = ../TableViewCell.swift; sourceTree = "<group>"; };
		ABC481A01F04250E00F02EB1 /* Meme 1.01.app */ = {isa = PBXFileReference; explicitFileType = wrapper.application; includeInIndex = 0; path = "Meme 1.01.app"; sourceTree = BUILT_PRODUCTS_DIR; };
		ABC481A31F04250E00F02EB1 /* AppDelegate.swift */ = {isa = PBXFileReference; lastKnownFileType = sourcecode.swift; path = AppDelegate.swift; sourceTree = "<group>"; };
		ABC481A51F04250E00F02EB1 /* MemeEditorViewController.swift */ = {isa = PBXFileReference; lastKnownFileType = sourcecode.swift; path = MemeEditorViewController.swift; sourceTree = "<group>"; };
		ABC481A81F04250E00F02EB1 /* Base */ = {isa = PBXFileReference; lastKnownFileType = file.storyboard; name = Base; path = Base.lproj/Main.storyboard; sourceTree = "<group>"; };
		ABC481AA1F04250E00F02EB1 /* Assets.xcassets */ = {isa = PBXFileReference; lastKnownFileType = folder.assetcatalog; path = Assets.xcassets; sourceTree = "<group>"; };
		ABC481AD1F04250E00F02EB1 /* Base */ = {isa = PBXFileReference; lastKnownFileType = file.storyboard; name = Base; path = Base.lproj/LaunchScreen.storyboard; sourceTree = "<group>"; };
		ABC481AF1F04250E00F02EB1 /* Info.plist */ = {isa = PBXFileReference; lastKnownFileType = text.plist.xml; path = Info.plist; sourceTree = "<group>"; };
		ABC481B41F04250F00F02EB1 /* Meme 1.01Tests.xctest */ = {isa = PBXFileReference; explicitFileType = wrapper.cfbundle; includeInIndex = 0; path = "Meme 1.01Tests.xctest"; sourceTree = BUILT_PRODUCTS_DIR; };
		ABC481B81F04250F00F02EB1 /* Meme_1_01Tests.swift */ = {isa = PBXFileReference; lastKnownFileType = sourcecode.swift; path = Meme_1_01Tests.swift; sourceTree = "<group>"; };
		ABC481BA1F04250F00F02EB1 /* Info.plist */ = {isa = PBXFileReference; lastKnownFileType = text.plist.xml; path = Info.plist; sourceTree = "<group>"; };
		ABC481BF1F04250F00F02EB1 /* Meme 1.01UITests.xctest */ = {isa = PBXFileReference; explicitFileType = wrapper.cfbundle; includeInIndex = 0; path = "Meme 1.01UITests.xctest"; sourceTree = BUILT_PRODUCTS_DIR; };
		ABC481C31F04250F00F02EB1 /* Meme_1_01UITests.swift */ = {isa = PBXFileReference; lastKnownFileType = sourcecode.swift; path = Meme_1_01UITests.swift; sourceTree = "<group>"; };
		ABC481C51F04250F00F02EB1 /* Info.plist */ = {isa = PBXFileReference; lastKnownFileType = text.plist.xml; path = Info.plist; sourceTree = "<group>"; };
		ABC483781F1FE61D00F02EB1 /* SentMemesTableViewController.swift */ = {isa = PBXFileReference; fileEncoding = 4; lastKnownFileType = sourcecode.swift; path = SentMemesTableViewController.swift; sourceTree = "<group>"; };
		ABC4837A1F1FE64000F02EB1 /* SentMemesCollectionViewController.swift */ = {isa = PBXFileReference; fileEncoding = 4; lastKnownFileType = sourcecode.swift; path = SentMemesCollectionViewController.swift; sourceTree = "<group>"; };
		ABC4837C1F1FE7AF00F02EB1 /* Meme.swift */ = {isa = PBXFileReference; fileEncoding = 4; lastKnownFileType = sourcecode.swift; path = Meme.swift; sourceTree = "<group>"; };
		ABC483F21F211FEA00F02EB1 /* DetailViewController.swift */ = {isa = PBXFileReference; fileEncoding = 4; lastKnownFileType = sourcecode.swift; path = DetailViewController.swift; sourceTree = "<group>"; };
		ABC484301F25017800F02EB1 /* MemeCell.swift */ = {isa = PBXFileReference; fileEncoding = 4; lastKnownFileType = sourcecode.swift; path = MemeCell.swift; sourceTree = "<group>"; };
/* End PBXFileReference section */

/* Begin PBXFrameworksBuildPhase section */
		ABC4819D1F04250E00F02EB1 /* Frameworks */ = {
			isa = PBXFrameworksBuildPhase;
			buildActionMask = 2147483647;
			files = (
			);
			runOnlyForDeploymentPostprocessing = 0;
		};
		ABC481B11F04250F00F02EB1 /* Frameworks */ = {
			isa = PBXFrameworksBuildPhase;
			buildActionMask = 2147483647;
			files = (
			);
			runOnlyForDeploymentPostprocessing = 0;
		};
		ABC481BC1F04250F00F02EB1 /* Frameworks */ = {
			isa = PBXFrameworksBuildPhase;
			buildActionMask = 2147483647;
			files = (
			);
			runOnlyForDeploymentPostprocessing = 0;
		};
/* End PBXFrameworksBuildPhase section */

/* Begin PBXGroup section */
		ABC481971F04250E00F02EB1 = {
			isa = PBXGroup;
			children = (
				ABC481A21F04250E00F02EB1 /* Meme 1.01 */,
				ABC481B71F04250F00F02EB1 /* Meme 1.01Tests */,
				ABC481C21F04250F00F02EB1 /* Meme 1.01UITests */,
				ABC481A11F04250E00F02EB1 /* Products */,
			);
			sourceTree = "<group>";
		};
		ABC481A11F04250E00F02EB1 /* Products */ = {
			isa = PBXGroup;
			children = (
				ABC481A01F04250E00F02EB1 /* Meme 1.01.app */,
				ABC481B41F04250F00F02EB1 /* Meme 1.01Tests.xctest */,
				ABC481BF1F04250F00F02EB1 /* Meme 1.01UITests.xctest */,
			);
			name = Products;
			sourceTree = "<group>";
		};
		ABC481A21F04250E00F02EB1 /* Meme 1.01 */ = {
			isa = PBXGroup;
			children = (
				ABC481A31F04250E00F02EB1 /* AppDelegate.swift */,
				ABC481A51F04250E00F02EB1 /* MemeEditorViewController.swift */,
				ABC481A71F04250E00F02EB1 /* Main.storyboard */,
				ABC483F21F211FEA00F02EB1 /* DetailViewController.swift */,
				ABC4837A1F1FE64000F02EB1 /* SentMemesCollectionViewController.swift */,
				AB1E2FBD1F28FBF700ABC422 /* TableViewCell.swift */,
				AB1E2FBB1F269CA000ABC422 /* CollectionViewCell.swift */,
				ABC483781F1FE61D00F02EB1 /* SentMemesTableViewController.swift */,
				ABC481AA1F04250E00F02EB1 /* Assets.xcassets */,
				ABC481AC1F04250E00F02EB1 /* LaunchScreen.storyboard */,
				ABC481AF1F04250E00F02EB1 /* Info.plist */,
				ABC4837C1F1FE7AF00F02EB1 /* Meme.swift */,
				ABC484301F25017800F02EB1 /* MemeCell.swift */,
			);
			path = "Meme 1.01";
			sourceTree = "<group>";
		};
		ABC481B71F04250F00F02EB1 /* Meme 1.01Tests */ = {
			isa = PBXGroup;
			children = (
				ABC481B81F04250F00F02EB1 /* Meme_1_01Tests.swift */,
				ABC481BA1F04250F00F02EB1 /* Info.plist */,
			);
			path = "Meme 1.01Tests";
			sourceTree = "<group>";
		};
		ABC481C21F04250F00F02EB1 /* Meme 1.01UITests */ = {
			isa = PBXGroup;
			children = (
				ABC481C31F04250F00F02EB1 /* Meme_1_01UITests.swift */,
				ABC481C51F04250F00F02EB1 /* Info.plist */,
			);
			path = "Meme 1.01UITests";
			sourceTree = "<group>";
		};
/* End PBXGroup section */

/* Begin PBXNativeTarget section */
		ABC4819F1F04250E00F02EB1 /* Meme 1.01 */ = {
			isa = PBXNativeTarget;
			buildConfigurationList = ABC481C81F04250F00F02EB1 /* Build configuration list for PBXNativeTarget "Meme 1.01" */;
			buildPhases = (
				ABC4819C1F04250E00F02EB1 /* Sources */,
				ABC4819D1F04250E00F02EB1 /* Frameworks */,
				ABC4819E1F04250E00F02EB1 /* Resources */,
			);
			buildRules = (
			);
			dependencies = (
			);
			name = "Meme 1.01";
			productName = "Meme 1.01";
			productReference = ABC481A01F04250E00F02EB1 /* Meme 1.01.app */;
			productType = "com.apple.product-type.application";
		};
		ABC481B31F04250F00F02EB1 /* Meme 1.01Tests */ = {
			isa = PBXNativeTarget;
			buildConfigurationList = ABC481CB1F04250F00F02EB1 /* Build configuration list for PBXNativeTarget "Meme 1.01Tests" */;
			buildPhases = (
				ABC481B01F04250F00F02EB1 /* Sources */,
				ABC481B11F04250F00F02EB1 /* Frameworks */,
				ABC481B21F04250F00F02EB1 /* Resources */,
			);
			buildRules = (
			);
			dependencies = (
				ABC481B61F04250F00F02EB1 /* PBXTargetDependency */,
			);
			name = "Meme 1.01Tests";
			productName = "Meme 1.01Tests";
			productReference = ABC481B41F04250F00F02EB1 /* Meme 1.01Tests.xctest */;
			productType = "com.apple.product-type.bundle.unit-test";
		};
		ABC481BE1F04250F00F02EB1 /* Meme 1.01UITests */ = {
			isa = PBXNativeTarget;
			buildConfigurationList = ABC481CE1F04250F00F02EB1 /* Build configuration list for PBXNativeTarget "Meme 1.01UITests" */;
			buildPhases = (
				ABC481BB1F04250F00F02EB1 /* Sources */,
				ABC481BC1F04250F00F02EB1 /* Frameworks */,
				ABC481BD1F04250F00F02EB1 /* Resources */,
			);
			buildRules = (
			);
			dependencies = (
				ABC481C11F04250F00F02EB1 /* PBXTargetDependency */,
			);
			name = "Meme 1.01UITests";
			productName = "Meme 1.01UITests";
			productReference = ABC481BF1F04250F00F02EB1 /* Meme 1.01UITests.xctest */;
			productType = "com.apple.product-type.bundle.ui-testing";
		};
/* End PBXNativeTarget section */

/* Begin PBXProject section */
		ABC481981F04250E00F02EB1 /* Project object */ = {
			isa = PBXProject;
			attributes = {
				LastSwiftUpdateCheck = 0830;
				LastUpgradeCheck = 0830;
				ORGANIZATIONNAME = "Michael Sumrall";
				TargetAttributes = {
					ABC4819F1F04250E00F02EB1 = {
						CreatedOnToolsVersion = 8.3.2;
						ProvisioningStyle = Automatic;
					};
					ABC481B31F04250F00F02EB1 = {
						CreatedOnToolsVersion = 8.3.2;
						ProvisioningStyle = Automatic;
						TestTargetID = ABC4819F1F04250E00F02EB1;
					};
					ABC481BE1F04250F00F02EB1 = {
						CreatedOnToolsVersion = 8.3.2;
						ProvisioningStyle = Automatic;
						TestTargetID = ABC4819F1F04250E00F02EB1;
					};
				};
			};
			buildConfigurationList = ABC4819B1F04250E00F02EB1 /* Build configuration list for PBXProject "Meme 1.01" */;
			compatibilityVersion = "Xcode 3.2";
			developmentRegion = English;
			hasScannedForEncodings = 0;
			knownRegions = (
				en,
				Base,
			);
			mainGroup = ABC481971F04250E00F02EB1;
			productRefGroup = ABC481A11F04250E00F02EB1 /* Products */;
			projectDirPath = "";
			projectRoot = "";
			targets = (
				ABC4819F1F04250E00F02EB1 /* Meme 1.01 */,
				ABC481B31F04250F00F02EB1 /* Meme 1.01Tests */,
				ABC481BE1F04250F00F02EB1 /* Meme 1.01UITests */,
			);
		};
/* End PBXProject section */

/* Begin PBXResourcesBuildPhase section */
		ABC4819E1F04250E00F02EB1 /* Resources */ = {
			isa = PBXResourcesBuildPhase;
			buildActionMask = 2147483647;
			files = (
				ABC481AE1F04250E00F02EB1 /* LaunchScreen.storyboard in Resources */,
				ABC481AB1F04250E00F02EB1 /* Assets.xcassets in Resources */,
				ABC481A91F04250E00F02EB1 /* Main.storyboard in Resources */,
			);
			runOnlyForDeploymentPostprocessing = 0;
		};
		ABC481B21F04250F00F02EB1 /* Resources */ = {
			isa = PBXResourcesBuildPhase;
			buildActionMask = 2147483647;
			files = (
			);
			runOnlyForDeploymentPostprocessing = 0;
		};
		ABC481BD1F04250F00F02EB1 /* Resources */ = {
			isa = PBXResourcesBuildPhase;
			buildActionMask = 2147483647;
			files = (
			);
			runOnlyForDeploymentPostprocessing = 0;
		};
/* End PBXResourcesBuildPhase section */

/* Begin PBXSourcesBuildPhase section */
		ABC4819C1F04250E00F02EB1 /* Sources */ = {
			isa = PBXSourcesBuildPhase;
			buildActionMask = 2147483647;
			files = (
				ABC481A61F04250E00F02EB1 /* MemeEditorViewController.swift in Sources */,
				ABC484311F25017800F02EB1 /* MemeCell.swift in Sources */,
				AB1E2FBC1F269CA000ABC422 /* CollectionViewCell.swift in Sources */,
				AB1E2FBE1F28FBF700ABC422 /* TableViewCell.swift in Sources */,
				ABC483791F1FE61D00F02EB1 /* SentMemesTableViewController.swift in Sources */,
				ABC4837B1F1FE64000F02EB1 /* SentMemesCollectionViewController.swift in Sources */,
				ABC483F31F211FEA00F02EB1 /* DetailViewController.swift in Sources */,
				ABC481A41F04250E00F02EB1 /* AppDelegate.swift in Sources */,
				ABC4837D1F1FE7AF00F02EB1 /* Meme.swift in Sources */,
			);
			runOnlyForDeploymentPostprocessing = 0;
		};
		ABC481B01F04250F00F02EB1 /* Sources */ = {
			isa = PBXSourcesBuildPhase;
			buildActionMask = 2147483647;
			files = (
				ABC481B91F04250F00F02EB1 /* Meme_1_01Tests.swift in Sources */,
			);
			runOnlyForDeploymentPostprocessing = 0;
		};
		ABC481BB1F04250F00F02EB1 /* Sources */ = {
			isa = PBXSourcesBuildPhase;
			buildActionMask = 2147483647;
			files = (
				ABC481C41F04250F00F02EB1 /* Meme_1_01UITests.swift in Sources */,
			);
			runOnlyForDeploymentPostprocessing = 0;
		};
/* End PBXSourcesBuildPhase section */

/* Begin PBXTargetDependency section */
		ABC481B61F04250F00F02EB1 /* PBXTargetDependency */ = {
			isa = PBXTargetDependency;
			target = ABC4819F1F04250E00F02EB1 /* Meme 1.01 */;
			targetProxy = ABC481B51F04250F00F02EB1 /* PBXContainerItemProxy */;
		};
		ABC481C11F04250F00F02EB1 /* PBXTargetDependency */ = {
			isa = PBXTargetDependency;
			target = ABC4819F1F04250E00F02EB1 /* Meme 1.01 */;
			targetProxy = ABC481C01F04250F00F02EB1 /* PBXContainerItemProxy */;
		};
/* End PBXTargetDependency section */

/* Begin PBXVariantGroup section */
		ABC481A71F04250E00F02EB1 /* Main.storyboard */ = {
			isa = PBXVariantGroup;
			children = (
				ABC481A81F04250E00F02EB1 /* Base */,
			);
			name = Main.storyboard;
			sourceTree = "<group>";
		};
		ABC481AC1F04250E00F02EB1 /* LaunchScreen.storyboard */ = {
			isa = PBXVariantGroup;
			children = (
				ABC481AD1F04250E00F02EB1 /* Base */,
			);
			name = LaunchScreen.storyboard;
			sourceTree = "<group>";
		};
/* End PBXVariantGroup section */

/* Begin XCBuildConfiguration section */
		ABC481C61F04250F00F02EB1 /* Debug */ = {
			isa = XCBuildConfiguration;
			buildSettings = {
				ALWAYS_SEARCH_USER_PATHS = NO;
				CLANG_ANALYZER_NONNULL = YES;
				CLANG_ANALYZER_NUMBER_OBJECT_CONVERSION = YES_AGGRESSIVE;
				CLANG_CXX_LANGUAGE_STANDARD = "gnu++0x";
				CLANG_CXX_LIBRARY = "libc++";
				CLANG_ENABLE_MODULES = YES;
				CLANG_ENABLE_OBJC_ARC = YES;
				CLANG_WARN_BOOL_CONVERSION = YES;
				CLANG_WARN_CONSTANT_CONVERSION = YES;
				CLANG_WARN_DIRECT_OBJC_ISA_USAGE = YES_ERROR;
				CLANG_WARN_DOCUMENTATION_COMMENTS = YES;
				CLANG_WARN_EMPTY_BODY = YES;
				CLANG_WARN_ENUM_CONVERSION = YES;
				CLANG_WARN_INFINITE_RECURSION = YES;
				CLANG_WARN_INT_CONVERSION = YES;
				CLANG_WARN_OBJC_ROOT_CLASS = YES_ERROR;
				CLANG_WARN_SUSPICIOUS_MOVE = YES;
				CLANG_WARN_UNREACHABLE_CODE = YES;
				CLANG_WARN__DUPLICATE_METHOD_MATCH = YES;
				"CODE_SIGN_IDENTITY[sdk=iphoneos*]" = "iPhone Developer";
				COPY_PHASE_STRIP = NO;
				DEBUG_INFORMATION_FORMAT = dwarf;
				ENABLE_STRICT_OBJC_MSGSEND = YES;
				ENABLE_TESTABILITY = YES;
				GCC_C_LANGUAGE_STANDARD = gnu99;
				GCC_DYNAMIC_NO_PIC = NO;
				GCC_NO_COMMON_BLOCKS = YES;
				GCC_OPTIMIZATION_LEVEL = 0;
				GCC_PREPROCESSOR_DEFINITIONS = (
					"DEBUG=1",
					"$(inherited)",
				);
				GCC_WARN_64_TO_32_BIT_CONVERSION = YES;
				GCC_WARN_ABOUT_RETURN_TYPE = YES_ERROR;
				GCC_WARN_UNDECLARED_SELECTOR = YES;
				GCC_WARN_UNINITIALIZED_AUTOS = YES_AGGRESSIVE;
				GCC_WARN_UNUSED_FUNCTION = YES;
				GCC_WARN_UNUSED_VARIABLE = YES;
				IPHONEOS_DEPLOYMENT_TARGET = 10.3;
				MTL_ENABLE_DEBUG_INFO = YES;
				ONLY_ACTIVE_ARCH = YES;
				SDKROOT = iphoneos;
				SWIFT_ACTIVE_COMPILATION_CONDITIONS = DEBUG;
				SWIFT_OPTIMIZATION_LEVEL = "-Onone";
			};
			name = Debug;
		};
		ABC481C71F04250F00F02EB1 /* Release */ = {
			isa = XCBuildConfiguration;
			buildSettings = {
				ALWAYS_SEARCH_USER_PATHS = NO;
				CLANG_ANALYZER_NONNULL = YES;
				CLANG_ANALYZER_NUMBER_OBJECT_CONVERSION = YES_AGGRESSIVE;
				CLANG_CXX_LANGUAGE_STANDARD = "gnu++0x";
				CLANG_CXX_LIBRARY = "libc++";
				CLANG_ENABLE_MODULES = YES;
				CLANG_ENABLE_OBJC_ARC = YES;
				CLANG_WARN_BOOL_CONVERSION = YES;
				CLANG_WARN_CONSTANT_CONVERSION = YES;
				CLANG_WARN_DIRECT_OBJC_ISA_USAGE = YES_ERROR;
				CLANG_WARN_DOCUMENTATION_COMMENTS = YES;
				CLANG_WARN_EMPTY_BODY = YES;
				CLANG_WARN_ENUM_CONVERSION = YES;
				CLANG_WARN_INFINITE_RECURSION = YES;
				CLANG_WARN_INT_CONVERSION = YES;
				CLANG_WARN_OBJC_ROOT_CLASS = YES_ERROR;
				CLANG_WARN_SUSPICIOUS_MOVE = YES;
				CLANG_WARN_UNREACHABLE_CODE = YES;
				CLANG_WARN__DUPLICATE_METHOD_MATCH = YES;
				"CODE_SIGN_IDENTITY[sdk=iphoneos*]" = "iPhone Developer";
				COPY_PHASE_STRIP = NO;
				DEBUG_INFORMATION_FORMAT = "dwarf-with-dsym";
				ENABLE_NS_ASSERTIONS = NO;
				ENABLE_STRICT_OBJC_MSGSEND = YES;
				GCC_C_LANGUAGE_STANDARD = gnu99;
				GCC_NO_COMMON_BLOCKS = YES;
				GCC_WARN_64_TO_32_BIT_CONVERSION = YES;
				GCC_WARN_ABOUT_RETURN_TYPE = YES_ERROR;
				GCC_WARN_UNDECLARED_SELECTOR = YES;
				GCC_WARN_UNINITIALIZED_AUTOS = YES_AGGRESSIVE;
				GCC_WARN_UNUSED_FUNCTION = YES;
				GCC_WARN_UNUSED_VARIABLE = YES;
				IPHONEOS_DEPLOYMENT_TARGET = 10.3;
				MTL_ENABLE_DEBUG_INFO = NO;
				SDKROOT = iphoneos;
				SWIFT_OPTIMIZATION_LEVEL = "-Owholemodule";
				VALIDATE_PRODUCT = YES;
			};
			name = Release;
		};
		ABC481C91F04250F00F02EB1 /* Debug */ = {
			isa = XCBuildConfiguration;
			buildSettings = {
				ASSETCATALOG_COMPILER_APPICON_NAME = AppIcon;
				INFOPLIST_FILE = "Meme 1.01/Info.plist";
				LD_RUNPATH_SEARCH_PATHS = "$(inherited) @executable_path/Frameworks";
				PRODUCT_BUNDLE_IDENTIFIER = "Udacity.Meme-1-01";
				PRODUCT_NAME = "$(TARGET_NAME)";
				SWIFT_VERSION = 3.0;
			};
			name = Debug;
		};
		ABC481CA1F04250F00F02EB1 /* Release */ = {
			isa = XCBuildConfiguration;
			buildSettings = {
				ASSETCATALOG_COMPILER_APPICON_NAME = AppIcon;
				INFOPLIST_FILE = "Meme 1.01/Info.plist";
				LD_RUNPATH_SEARCH_PATHS = "$(inherited) @executable_path/Frameworks";
				PRODUCT_BUNDLE_IDENTIFIER = "Udacity.Meme-1-01";
				PRODUCT_NAME = "$(TARGET_NAME)";
				SWIFT_VERSION = 3.0;
			};
			name = Release;
		};
		ABC481CC1F04250F00F02EB1 /* Debug */ = {
			isa = XCBuildConfiguration;
			buildSettings = {
				ALWAYS_EMBED_SWIFT_STANDARD_LIBRARIES = YES;
				BUNDLE_LOADER = "$(TEST_HOST)";
				INFOPLIST_FILE = "Meme 1.01Tests/Info.plist";
				LD_RUNPATH_SEARCH_PATHS = "$(inherited) @executable_path/Frameworks @loader_path/Frameworks";
				PRODUCT_BUNDLE_IDENTIFIER = "Udacity.Meme-1-01Tests";
				PRODUCT_NAME = "$(TARGET_NAME)";
				SWIFT_VERSION = 3.0;
				TEST_HOST = "$(BUILT_PRODUCTS_DIR)/Meme 1.01.app/Meme 1.01";
			};
			name = Debug;
		};
		ABC481CD1F04250F00F02EB1 /* Release */ = {
			isa = XCBuildConfiguration;
			buildSettings = {
				ALWAYS_EMBED_SWIFT_STANDARD_LIBRARIES = YES;
				BUNDLE_LOADER = "$(TEST_HOST)";
				INFOPLIST_FILE = "Meme 1.01Tests/Info.plist";
				LD_RUNPATH_SEARCH_PATHS = "$(inherited) @executable_path/Frameworks @loader_path/Frameworks";
				PRODUCT_BUNDLE_IDENTIFIER = "Udacity.Meme-1-01Tests";
				PRODUCT_NAME = "$(TARGET_NAME)";
				SWIFT_VERSION = 3.0;
				TEST_HOST = "$(BUILT_PRODUCTS_DIR)/Meme 1.01.app/Meme 1.01";
			};
			name = Release;
		};
		ABC481CF1F04250F00F02EB1 /* Debug */ = {
			isa = XCBuildConfiguration;
			buildSettings = {
				ALWAYS_EMBED_SWIFT_STANDARD_LIBRARIES = YES;
				INFOPLIST_FILE = "Meme 1.01UITests/Info.plist";
				LD_RUNPATH_SEARCH_PATHS = "$(inherited) @executable_path/Frameworks @loader_path/Frameworks";
				PRODUCT_BUNDLE_IDENTIFIER = "Udacity.Meme-1-01UITests";
				PRODUCT_NAME = "$(TARGET_NAME)";
				SWIFT_VERSION = 3.0;
				TEST_TARGET_NAME = "Meme 1.01";
			};
			name = Debug;
		};
		ABC481D01F04250F00F02EB1 /* Release */ = {
			isa = XCBuildConfiguration;
			buildSettings = {
				ALWAYS_EMBED_SWIFT_STANDARD_LIBRARIES = YES;
				INFOPLIST_FILE = "Meme 1.01UITests/Info.plist";
				LD_RUNPATH_SEARCH_PATHS = "$(inherited) @executable_path/Frameworks @loader_path/Frameworks";
				PRODUCT_BUNDLE_IDENTIFIER = "Udacity.Meme-1-01UITests";
				PRODUCT_NAME = "$(TARGET_NAME)";
				SWIFT_VERSION = 3.0;
				TEST_TARGET_NAME = "Meme 1.01";
			};
			name = Release;
		};
/* End XCBuildConfiguration section */

/* Begin XCConfigurationList section */
		ABC4819B1F04250E00F02EB1 /* Build configuration list for PBXProject "Meme 1.01" */ = {
			isa = XCConfigurationList;
			buildConfigurations = (
				ABC481C61F04250F00F02EB1 /* Debug */,
				ABC481C71F04250F00F02EB1 /* Release */,
			);
			defaultConfigurationIsVisible = 0;
			defaultConfigurationName = Release;
		};
		ABC481C81F04250F00F02EB1 /* Build configuration list for PBXNativeTarget "Meme 1.01" */ = {
			isa = XCConfigurationList;
			buildConfigurations = (
				ABC481C91F04250F00F02EB1 /* Debug */,
				ABC481CA1F04250F00F02EB1 /* Release */,
			);
			defaultConfigurationIsVisible = 0;
			defaultConfigurationName = Release;
		};
		ABC481CB1F04250F00F02EB1 /* Build configuration list for PBXNativeTarget "Meme 1.01Tests" */ = {
			isa = XCConfigurationList;
			buildConfigurations = (
				ABC481CC1F04250F00F02EB1 /* Debug */,
				ABC481CD1F04250F00F02EB1 /* Release */,
			);
			defaultConfigurationIsVisible = 0;
			defaultConfigurationName = Release;
		};
		ABC481CE1F04250F00F02EB1 /* Build configuration list for PBXNativeTarget "Meme 1.01UITests" */ = {
			isa = XCConfigurationList;
			buildConfigurations = (
				ABC481CF1F04250F00F02EB1 /* Debug */,
				ABC481D01F04250F00F02EB1 /* Release */,
			);
			defaultConfigurationIsVisible = 0;
			defaultConfigurationName = Release;
		};
/* End XCConfigurationList section */
	};
	rootObject = ABC481981F04250E00F02EB1 /* Project object */;
}
